
Microsoft Visual Studio Solution File, Format Version 12.00
# Visual Studio Version 16
VisualStudioVersion = 16.0.32002.261
MinimumVisualStudioVersion = 10.0.40219.1
Project("{E24C65DC-7377-472B-9ABA-BC803B73C61A}") = "DbYazOkulu", "DbYazOkulu\", "{DCF6B9B5-5423-4302-9E6B-E832968AC94A}"
	ProjectSection(WebsiteProperties) = preProject
		TargetFrameworkMoniker = ".NETFramework,Version%3Dv4.7.2"
		ProjectReferences = "{6c69cd8b-9d95-4352-9713-efca54e48fc4}|BusinessLogicLayer.dll;{da6d7c23-e3f7-44f2-bd0b-52b3e430295c}|DataAccessLayer.dll;{d280d65b-60f7-49a0-b67e-a853f49ed9e9}|EntityKatmani.dll;"
		Debug.AspNetCompiler.VirtualPath = "/localhost_55546"
		Debug.AspNetCompiler.PhysicalPath = "DbYazOkulu\"
		Debug.AspNetCompiler.TargetPath = "PrecompiledWeb\localhost_55546\"
		Debug.AspNetCompiler.Updateable = "true"
		Debug.AspNetCompiler.ForceOverwrite = "true"
		Debug.AspNetCompiler.FixedNames = "false"
		Debug.AspNetCompiler.Debug = "True"
		Release.AspNetCompiler.VirtualPath = "/localhost_55546"
		Release.AspNetCompiler.PhysicalPath = "DbYazOkulu\"
		Release.AspNetCompiler.TargetPath = "PrecompiledWeb\localhost_55546\"
		Release.AspNetCompiler.Updateable = "true"
		Release.AspNetCompiler.ForceOverwrite = "true"
		Release.AspNetCompiler.FixedNames = "false"
		Release.AspNetCompiler.Debug = "False"
		VWDPort = "55546"
		SlnRelativePath = "DbYazOkulu\"
		DefaultWebSiteLanguage = "Visual C#"
	EndProjectSection
EndProject
Project("{FAE04EC0-301F-11D3-BF4B-00C04F79EFBC}") = "EntityKatmani", "EntityKatmani\EntityKatmani.csproj", "{D280D65B-60F7-49A0-B67E-A853F49ED9E9}"
EndProject
Project("{FAE04EC0-301F-11D3-BF4B-00C04F79EFBC}") = "DataAccessLayer", "DataAccessLayer\DataAccessLayer.csproj", "{DA6D7C23-E3F7-44F2-BD0B-52B3E430295C}"
EndProject
Project("{FAE04EC0-301F-11D3-BF4B-00C04F79EFBC}") = "BusinessLogicLayer", "BusinessLogicLayer\BusinessLogicLayer.csproj", "{6C69CD8B-9D95-4352-9713-EFCA54E48FC4}"
EndProject
Global
	GlobalSection(SolutionConfigurationPlatforms) = preSolution
		Debug|Any CPU = Debug|Any CPU
		Release|Any CPU = Release|Any CPU
	EndGlobalSection
	GlobalSection(ProjectConfigurationPlatforms) = postSolution
		{DCF6B9B5-5423-4302-9E6B-E832968AC94A}.Debug|Any CPU.ActiveCfg = Debug|Any CPU
		{DCF6B9B5-5423-4302-9E6B-E832968AC94A}.Debug|Any CPU.Build.0 = Debug|Any CPU
		{DCF6B9B5-5423-4302-9E6B-E832968AC94A}.Release|Any CPU.ActiveCfg = Debug|Any CPU
		{DCF6B9B5-5423-4302-9E6B-E832968AC94A}.Release|Any CPU.Build.0 = Debug|Any CPU
		{D280D65B-60F7-49A0-B67E-A853F49ED9E9}.Debug|Any CPU.ActiveCfg = Debug|Any CPU
		{D280D65B-60F7-49A0-B67E-A853F49ED9E9}.Debug|Any CPU.Build.0 = Debug|Any CPU
		{D280D65B-60F7-49A0-B67E-A853F49ED9E9}.Release|Any CPU.ActiveCfg = Release|Any CPU
		{D280D65B-60F7-49A0-B67E-A853F49ED9E9}.Release|Any CPU.Build.0 = Release|Any CPU
		{DA6D7C23-E3F7-44F2-BD0B-52B3E430295C}.Debug|Any CPU.ActiveCfg = Debug|Any CPU
		{DA6D7C23-E3F7-44F2-BD0B-52B3E430295C}.Debug|Any CPU.Build.0 = Debug|Any CPU
		{DA6D7C23-E3F7-44F2-BD0B-52B3E430295C}.Release|Any CPU.ActiveCfg = Release|Any CPU
		{DA6D7C23-E3F7-44F2-BD0B-52B3E430295C}.Release|Any CPU.Build.0 = Release|Any CPU
		{6C69CD8B-9D95-4352-9713-EFCA54E48FC4}.Debug|Any CPU.ActiveCfg = Debug|Any CPU
		{6C69CD8B-9D95-4352-9713-EFCA54E48FC4}.Debug|Any CPU.Build.0 = Debug|Any CPU
		{6C69CD8B-9D95-4352-9713-EFCA54E48FC4}.Release|Any CPU.ActiveCfg = Release|Any CPU
		{6C69CD8B-9D95-4352-9713-EFCA54E48FC4}.Release|Any CPU.Build.0 = Release|Any CPU
	EndGlobalSection
	GlobalSection(SolutionProperties) = preSolution
		HideSolutionNode = FALSE
	EndGlobalSection
	GlobalSection(ExtensibilityGlobals) = postSolution
		SolutionGuid = {09603E78-62B6-4A3B-83C6-F87AC94C678D}
	EndGlobalSection
EndGlobal
